
Microsoft Visual Studio Solution File, Format Version 12.00
# Visual Studio Version 17
VisualStudioVersion = 17.0.31903.59
MinimumVisualStudioVersion = 10.0.40219.1
Project("{2150E333-8FDC-42A3-9474-1A3956D46DE8}") = "src", "src", "{827E0CD3-B72D-47B6-A68D-7590B98EB39B}"
EndProject
Project("{FAE04EC0-301F-11D3-BF4B-00C04F79EFBC}") = "Ka3005P.Core", "src\Ka3005P.Core\Ka3005P.Core.csproj", "{123987AD-14EE-474C-9D83-C8F1DDAED9FA}"
EndProject
Project("{FAE04EC0-301F-11D3-BF4B-00C04F79EFBC}") = "Ka3005P.App", "src\Ka3005P.App\Ka3005P.App.csproj", "{41CAC8A2-E864-4E66-AF97-2F32569294EF}"
EndProject
Project("{2150E333-8FDC-42A3-9474-1A3956D46DE8}") = "tests", "tests", "{0AB3BF05-4346-4AA6-1389-037BE0695223}"
EndProject
Project("{FAE04EC0-301F-11D3-BF4B-00C04F79EFBC}") = "Ka3005P.Tests", "tests\Ka3005P.Tests\Ka3005P.Tests.csproj", "{4AB4E414-8789-435C-BE59-DF3B9A0A5531}"
EndProject
Project("{2150E333-8FDC-42A3-9474-1A3956D46DE8}") = "tools", "tools", "{07C2787E-EAC7-C090-1BA3-A61EC2A24D84}"
EndProject
Project("{FAE04EC0-301F-11D3-BF4B-00C04F79EFBC}") = "Ka3005P.HardwareSmoke", "tools\Ka3005P.HardwareSmoke\Ka3005P.HardwareSmoke.csproj", "{464E44C0-84A6-4838-8D31-171DD6CAED78}"
EndProject
Global
	GlobalSection(SolutionConfigurationPlatforms) = preSolution
		Debug|Any CPU = Debug|Any CPU
		Debug|x64 = Debug|x64
		Debug|x86 = Debug|x86
		Release|Any CPU = Release|Any CPU
		Release|x64 = Release|x64
		Release|x86 = Release|x86
	EndGlobalSection
	GlobalSection(ProjectConfigurationPlatforms) = postSolution
		{123987AD-14EE-474C-9D83-C8F1DDAED9FA}.Debug|Any CPU.ActiveCfg = Debug|Any CPU
		{123987AD-14EE-474C-9D83-C8F1DDAED9FA}.Debug|Any CPU.Build.0 = Debug|Any CPU
		{123987AD-14EE-474C-9D83-C8F1DDAED9FA}.Debug|x64.ActiveCfg = Debug|Any CPU
		{123987AD-14EE-474C-9D83-C8F1DDAED9FA}.Debug|x64.Build.0 = Debug|Any CPU
		{123987AD-14EE-474C-9D83-C8F1DDAED9FA}.Debug|x86.ActiveCfg = Debug|Any CPU
		{123987AD-14EE-474C-9D83-C8F1DDAED9FA}.Debug|x86.Build.0 = Debug|Any CPU
		{123987AD-14EE-474C-9D83-C8F1DDAED9FA}.Release|Any CPU.ActiveCfg = Release|Any CPU
		{123987AD-14EE-474C-9D83-C8F1DDAED9FA}.Release|Any CPU.Build.0 = Release|Any CPU
		{123987AD-14EE-474C-9D83-C8F1DDAED9FA}.Release|x64.ActiveCfg = Release|Any CPU
		{123987AD-14EE-474C-9D83-C8F1DDAED9FA}.Release|x64.Build.0 = Release|Any CPU
		{123987AD-14EE-474C-9D83-C8F1DDAED9FA}.Release|x86.ActiveCfg = Release|Any CPU
		{123987AD-14EE-474C-9D83-C8F1DDAED9FA}.Release|x86.Build.0 = Release|Any CPU
		{41CAC8A2-E864-4E66-AF97-2F32569294EF}.Debug|Any CPU.ActiveCfg = Debug|Any CPU
		{41CAC8A2-E864-4E66-AF97-2F32569294EF}.Debug|Any CPU.Build.0 = Debug|Any CPU
		{41CAC8A2-E864-4E66-AF97-2F32569294EF}.Debug|x64.ActiveCfg = Debug|Any CPU
		{41CAC8A2-E864-4E66-AF97-2F32569294EF}.Debug|x64.Build.0 = Debug|Any CPU
		{41CAC8A2-E864-4E66-AF97-2F32569294EF}.Debug|x86.ActiveCfg = Debug|Any CPU
		{41CAC8A2-E864-4E66-AF97-2F32569294EF}.Debug|x86.Build.0 = Debug|Any CPU
		{41CAC8A2-E864-4E66-AF97-2F32569294EF}.Release|Any CPU.ActiveCfg = Release|Any CPU
		{41CAC8A2-E864-4E66-AF97-2F32569294EF}.Release|Any CPU.Build.0 = Release|Any CPU
		{41CAC8A2-E864-4E66-AF97-2F32569294EF}.Release|x64.ActiveCfg = Release|Any CPU
		{41CAC8A2-E864-4E66-AF97-2F32569294EF}.Release|x64.Build.0 = Release|Any CPU
		{41CAC8A2-E864-4E66-AF97-2F32569294EF}.Release|x86.ActiveCfg = Release|Any CPU
		{41CAC8A2-E864-4E66-AF97-2F32569294EF}.Release|x86.Build.0 = Release|Any CPU
		{4AB4E414-8789-435C-BE59-DF3B9A0A5531}.Debug|Any CPU.ActiveCfg = Debug|Any CPU
		{4AB4E414-8789-435C-BE59-DF3B9A0A5531}.Debug|Any CPU.Build.0 = Debug|Any CPU
		{4AB4E414-8789-435C-BE59-DF3B9A0A5531}.Debug|x64.ActiveCfg = Debug|Any CPU
		{4AB4E414-8789-435C-BE59-DF3B9A0A5531}.Debug|x64.Build.0 = Debug|Any CPU
		{4AB4E414-8789-435C-BE59-DF3B9A0A5531}.Debug|x86.ActiveCfg = Debug|Any CPU
		{4AB4E414-8789-435C-BE59-DF3B9A0A5531}.Debug|x86.Build.0 = Debug|Any CPU
		{4AB4E414-8789-435C-BE59-DF3B9A0A5531}.Release|Any CPU.ActiveCfg = Release|Any CPU
		{4AB4E414-8789-435C-BE59-DF3B9A0A5531}.Release|Any CPU.Build.0 = Release|Any CPU
		{4AB4E414-8789-435C-BE59-DF3B9A0A5531}.Release|x64.ActiveCfg = Release|Any CPU
		{4AB4E414-8789-435C-BE59-DF3B9A0A5531}.Release|x64.Build.0 = Release|Any CPU
		{4AB4E414-8789-435C-BE59-DF3B9A0A5531}.Release|x86.ActiveCfg = Release|Any CPU
		{4AB4E414-8789-435C-BE59-DF3B9A0A5531}.Release|x86.Build.0 = Release|Any CPU
		{464E44C0-84A6-4838-8D31-171DD6CAED78}.Debug|Any CPU.ActiveCfg = Debug|Any CPU
		{464E44C0-84A6-4838-8D31-171DD6CAED78}.Debug|Any CPU.Build.0 = Debug|Any CPU
		{464E44C0-84A6-4838-8D31-171DD6CAED78}.Debug|x64.ActiveCfg = Debug|Any CPU
		{464E44C0-84A6-4838-8D31-171DD6CAED78}.Debug|x64.Build.0 = Debug|Any CPU
		{464E44C0-84A6-4838-8D31-171DD6CAED78}.Debug|x86.ActiveCfg = Debug|Any CPU
		{464E44C0-84A6-4838-8D31-171DD6CAED78}.Debug|x86.Build.0 = Debug|Any CPU
		{464E44C0-84A6-4838-8D31-171DD6CAED78}.Release|Any CPU.ActiveCfg = Release|Any CPU
		{464E44C0-84A6-4838-8D31-171DD6CAED78}.Release|Any CPU.Build.0 = Release|Any CPU
		{464E44C0-84A6-4838-8D31-171DD6CAED78}.Release|x64.ActiveCfg = Release|Any CPU
		{464E44C0-84A6-4838-8D31-171DD6CAED78}.Release|x64.Build.0 = Release|Any CPU
		{464E44C0-84A6-4838-8D31-171DD6CAED78}.Release|x86.ActiveCfg = Release|Any CPU
		{464E44C0-84A6-4838-8D31-171DD6CAED78}.Release|x86.Build.0 = Release|Any CPU
	EndGlobalSection
	GlobalSection(SolutionProperties) = preSolution
		HideSolutionNode = FALSE
	EndGlobalSection
	GlobalSection(NestedProjects) = preSolution
		{123987AD-14EE-474C-9D83-C8F1DDAED9FA} = {827E0CD3-B72D-47B6-A68D-7590B98EB39B}
		{41CAC8A2-E864-4E66-AF97-2F32569294EF} = {827E0CD3-B72D-47B6-A68D-7590B98EB39B}
		{4AB4E414-8789-435C-BE59-DF3B9A0A5531} = {0AB3BF05-4346-4AA6-1389-037BE0695223}
		{464E44C0-84A6-4838-8D31-171DD6CAED78} = {07C2787E-EAC7-C090-1BA3-A61EC2A24D84}
	EndGlobalSection
EndGlobal
